
Microsoft Visual Studio Solution File, Format Version 12.00
# Visual Studio 15
Project("{FAE04EC0-301F-11D3-BF4B-00C04F79EFBC}") = "TravelPlannerAPI", "TravelPlannerAPI\TravelPlannerAPI.csproj", "{56F06C2D-967A-4E8C-B565-A3CA6B5DC701}"
EndProject
Project("{2150E333-8FDC-42A3-9474-1A3956D46DE8}") = "00 - Presentation", "00 - Presentation", "{F5539012-0F7F-4E32-973E-91C2EE7FA347}"
EndProject
Project("{2150E333-8FDC-42A3-9474-1A3956D46DE8}") = "10 - Service", "10 - Service", "{21AD4ED3-12E0-4A79-B2A4-A9CF8ABC6ADD}"
EndProject
Project("{2150E333-8FDC-42A3-9474-1A3956D46DE8}") = "20 - Application", "20 - Application", "{2B70855E-3852-4171-80C7-6E2982B830EB}"
EndProject
Project("{2150E333-8FDC-42A3-9474-1A3956D46DE8}") = "30 - Domain", "30 - Domain", "{93F012F2-1E8C-4741-89DC-982B4BD5737A}"
EndProject
Project("{2150E333-8FDC-42A3-9474-1A3956D46DE8}") = "40 - Persistence", "40 - Persistence", "{52C641CB-66E9-4EE4-9A6A-E58C7E4BF10C}"
EndProject
Project("{2150E333-8FDC-42A3-9474-1A3956D46DE8}") = "50 - Infrastructure", "50 - Infrastructure", "{7A9F027B-9F87-4FD5-BCA1-FD52F2F248E0}"
EndProject
Project("{2150E333-8FDC-42A3-9474-1A3956D46DE8}") = "60 - External Tests", "60 - External Tests", "{C48B9729-29A8-42ED-82CE-2365EA3275BA}"
EndProject
Project("{FAE04EC0-301F-11D3-BF4B-00C04F79EFBC}") = "Service", "Service\Service.csproj", "{DC3EF143-0FCF-4542-8F2E-1182CA75B825}"
EndProject
Project("{FAE04EC0-301F-11D3-BF4B-00C04F79EFBC}") = "Application", "Application\Application.csproj", "{F0BE92CF-16E2-49AE-A287-4E57812C59CA}"
EndProject
Project("{FAE04EC0-301F-11D3-BF4B-00C04F79EFBC}") = "Domain", "Domain\Domain.csproj", "{93EC0F05-84C6-4002-9848-B7D5D0677693}"
EndProject
Project("{FAE04EC0-301F-11D3-BF4B-00C04F79EFBC}") = "Persistence", "Persistence\Persistence.csproj", "{25D83D57-4A5D-4E69-B9D0-5F52D513669B}"
EndProject
Project("{FAE04EC0-301F-11D3-BF4B-00C04F79EFBC}") = "Crosscutting", "Crosscutting\Crosscutting.csproj", "{69D1443C-F486-499E-8D70-BDC629B540C0}"
EndProject
Global
	GlobalSection(SolutionConfigurationPlatforms) = preSolution
		Debug|Any CPU = Debug|Any CPU
		Release|Any CPU = Release|Any CPU
	EndGlobalSection
	GlobalSection(ProjectConfigurationPlatforms) = postSolution
		{56F06C2D-967A-4E8C-B565-A3CA6B5DC701}.Debug|Any CPU.ActiveCfg = Debug|Any CPU
		{56F06C2D-967A-4E8C-B565-A3CA6B5DC701}.Debug|Any CPU.Build.0 = Debug|Any CPU
		{56F06C2D-967A-4E8C-B565-A3CA6B5DC701}.Release|Any CPU.ActiveCfg = Release|Any CPU
		{56F06C2D-967A-4E8C-B565-A3CA6B5DC701}.Release|Any CPU.Build.0 = Release|Any CPU
		{DC3EF143-0FCF-4542-8F2E-1182CA75B825}.Debug|Any CPU.ActiveCfg = Debug|Any CPU
		{DC3EF143-0FCF-4542-8F2E-1182CA75B825}.Debug|Any CPU.Build.0 = Debug|Any CPU
		{DC3EF143-0FCF-4542-8F2E-1182CA75B825}.Release|Any CPU.ActiveCfg = Release|Any CPU
		{DC3EF143-0FCF-4542-8F2E-1182CA75B825}.Release|Any CPU.Build.0 = Release|Any CPU
		{F0BE92CF-16E2-49AE-A287-4E57812C59CA}.Debug|Any CPU.ActiveCfg = Debug|Any CPU
		{F0BE92CF-16E2-49AE-A287-4E57812C59CA}.Debug|Any CPU.Build.0 = Debug|Any CPU
		{F0BE92CF-16E2-49AE-A287-4E57812C59CA}.Release|Any CPU.ActiveCfg = Release|Any CPU
		{F0BE92CF-16E2-49AE-A287-4E57812C59CA}.Release|Any CPU.Build.0 = Release|Any CPU
		{93EC0F05-84C6-4002-9848-B7D5D0677693}.Debug|Any CPU.ActiveCfg = Debug|Any CPU
		{93EC0F05-84C6-4002-9848-B7D5D0677693}.Debug|Any CPU.Build.0 = Debug|Any CPU
		{93EC0F05-84C6-4002-9848-B7D5D0677693}.Release|Any CPU.ActiveCfg = Release|Any CPU
		{93EC0F05-84C6-4002-9848-B7D5D0677693}.Release|Any CPU.Build.0 = Release|Any CPU
		{25D83D57-4A5D-4E69-B9D0-5F52D513669B}.Debug|Any CPU.ActiveCfg = Debug|Any CPU
		{25D83D57-4A5D-4E69-B9D0-5F52D513669B}.Debug|Any CPU.Build.0 = Debug|Any CPU
		{25D83D57-4A5D-4E69-B9D0-5F52D513669B}.Release|Any CPU.ActiveCfg = Release|Any CPU
		{25D83D57-4A5D-4E69-B9D0-5F52D513669B}.Release|Any CPU.Build.0 = Release|Any CPU
		{69D1443C-F486-499E-8D70-BDC629B540C0}.Debug|Any CPU.ActiveCfg = Debug|Any CPU
		{69D1443C-F486-499E-8D70-BDC629B540C0}.Debug|Any CPU.Build.0 = Debug|Any CPU
		{69D1443C-F486-499E-8D70-BDC629B540C0}.Release|Any CPU.ActiveCfg = Release|Any CPU
		{69D1443C-F486-499E-8D70-BDC629B540C0}.Release|Any CPU.Build.0 = Release|Any CPU
	EndGlobalSection
	GlobalSection(NestedProjects) = preSolution
		{56F06C2D-967A-4E8C-B565-A3CA6B5DC701} = {F5539012-0F7F-4E32-973E-91C2EE7FA347}
		{DC3EF143-0FCF-4542-8F2E-1182CA75B825} = {21AD4ED3-12E0-4A79-B2A4-A9CF8ABC6ADD}
		{F0BE92CF-16E2-49AE-A287-4E57812C59CA} = {2B70855E-3852-4171-80C7-6E2982B830EB}
		{93EC0F05-84C6-4002-9848-B7D5D0677693} = {93F012F2-1E8C-4741-89DC-982B4BD5737A}
		{25D83D57-4A5D-4E69-B9D0-5F52D513669B} = {52C641CB-66E9-4EE4-9A6A-E58C7E4BF10C}
		{69D1443C-F486-499E-8D70-BDC629B540C0} = {7A9F027B-9F87-4FD5-BCA1-FD52F2F248E0}
	EndGlobalSection
EndGlobal
